
Microsoft Visual Studio Solution File, Format Version 12.00
# Visual Studio Version 17
VisualStudioVersion = 17.4.33213.308
MinimumVisualStudioVersion = 10.0.40219.1
Project("{9A19103F-16F7-4668-BE54-9A1E7A4F7556}") = "Griddler Solver", "Griddler Solver.csproj", "{244F3098-5076-4539-88AF-EC491F55EDF9}"
EndProject
Global
	GlobalSection(SolutionConfigurationPlatforms) = preSolution
		Debug|Any CPU = Debug|Any CPU
		Release|Any CPU = Release|Any CPU
	EndGlobalSection
	GlobalSection(ProjectConfigurationPlatforms) = postSolution
		{244F3098-5076-4539-88AF-EC491F55EDF9}.Debug|Any CPU.ActiveCfg = Debug|Any CPU
		{244F3098-5076-4539-88AF-EC491F55EDF9}.Debug|Any CPU.Build.0 = Debug|Any CPU
		{244F3098-5076-4539-88AF-EC491F55EDF9}.Release|Any CPU.ActiveCfg = Release|Any CPU
		{244F3098-5076-4539-88AF-EC491F55EDF9}.Release|Any CPU.Build.0 = Release|Any CPU
	EndGlobalSection
	GlobalSection(SolutionProperties) = preSolution
		HideSolutionNode = FALSE
	EndGlobalSection
	GlobalSection(ExtensibilityGlobals) = postSolution
		SolutionGuid = {E80162AB-A556-4171-8C44-7ABB0F2EFD06}
	EndGlobalSection
EndGlobal
